<?xml version="1.0" encoding="utf-8"?>
<Project ToolsVersion="4.0" xmlns="http://schemas.microsoft.com/developer/msbuild/2003">
  <ItemGroup>
    <Filter Include="Source Files">
      <UniqueIdentifier>{4FC737F1-C7A5-4376-A066-2A32D752A2FF}</UniqueIdentifier>
      <Extensions>cpp;c;cc;cxx;def;odl;idl;hpj;bat;asm;asmx</Extensions>
    </Filter>
    <Filter Include="Header Files">
      <UniqueIdentifier>{93995380-89BD-4b04-88EB-625FBE52EBFB}</UniqueIdentifier>
      <Extensions>h;hh;hpp;hxx;hm;inl;inc;ipp;xsd</Extensions>
    </Filter>
    <Filter Include="Resource Files">
      <UniqueIdentifier>{67DA6AB6-F800-4c08-8B7A-83BB121AAD01}</UniqueIdentifier>
      <Extensions>rc;ico;cur;bmp;dlg;rc2;rct;bin;rgs;gif;jpg;jpeg;jpe;resx;tiff;tif;png;wav;mfcribbon-ms</Extensions>
    </Filter>
    <Filter Include="Classes">
      <UniqueIdentifier>{90795615-0c0d-4534-8038-ebae78b7761d}</UniqueIdentifier>
    </Filter>
    <Filter Include="Classes\Objects">
      <UniqueIdentifier>{f23dc5dc-e5b0-47ee-b0ee-af2818661a8d}</UniqueIdentifier>
    </Filter>
    <Filter Include="Classes\Objects\Items">
      <UniqueIdentifier>{1c5e0b1f-6fcb-47b2-bb62-dd56c6b6757f}</UniqueIdentifier>
    </Filter>
    <Filter Include="Classes\Objects\Entities">
      <UniqueIdentifier>{f5c4722c-825d-4042-ad66-809999181aaa}</UniqueIdentifier>
    </Filter>
  </ItemGroup>
  <ItemGroup>
    <ClCompile Include="Wormman.cpp">
      <Filter>Source Files</Filter>
    </ClCompile>
    <ClCompile Include="Object.cpp">
      <Filter>Classes</Filter>
    </ClCompile>
    <ClCompile Include="Scene.cpp">
      <Filter>Classes</Filter>
    </ClCompile>
    <ClCompile Include="Apple.cpp">
      <Filter>Classes\Objects\Items</Filter>
    </ClCompile>
    <ClCompile Include="Banana.cpp">
      <Filter>Classes\Objects\Items</Filter>
    </ClCompile>
    <ClCompile Include="Item.cpp">
      <Filter>Classes\Objects</Filter>
    </ClCompile>
    <ClCompile Include="Level.cpp">
      <Filter>Classes\Objects</Filter>
    </ClCompile>
    <ClCompile Include="Entity.cpp">
      <Filter>Classes\Objects</Filter>
    </ClCompile>
    <ClCompile Include="Player.cpp">
      <Filter>Classes\Objects\Entities</Filter>
    </ClCompile>
    <ClCompile Include="Dementor.cpp">
      <Filter>Classes\Objects\Entities</Filter>
    </ClCompile>
    <ClCompile Include="Utils.cpp">
      <Filter>Source Files</Filter>
    </ClCompile>
    <ClCompile Include="Orange.cpp">
      <Filter>Classes\Objects\Items</Filter>
    </ClCompile>
  </ItemGroup>
  <ItemGroup>
    <ClInclude Include="Object.h">
      <Filter>Classes</Filter>
    </ClInclude>
    <ClInclude Include="Scene.h">
      <Filter>Classes</Filter>
    </ClInclude>
    <ClInclude Include="Apple.h">
      <Filter>Classes\Objects\Items</Filter>
    </ClInclude>
    <ClInclude Include="Banana.h">
      <Filter>Classes\Objects\Items</Filter>
    </ClInclude>
    <ClInclude Include="Item.h">
      <Filter>Classes\Objects</Filter>
    </ClInclude>
    <ClInclude Include="Level.h">
      <Filter>Classes\Objects</Filter>
    </ClInclude>
    <ClInclude Include="Entity.h">
      <Filter>Classes\Objects</Filter>
    </ClInclude>
    <ClInclude Include="Player.h">
      <Filter>Classes\Objects\Entities</Filter>
    </ClInclude>
    <ClInclude Include="Dementor.h">
      <Filter>Classes\Objects\Entities</Filter>
    </ClInclude>
    <ClInclude Include="Utils.h">
      <Filter>Header Files</Filter>
    </ClInclude>
    <ClInclude Include="Orange.h">
      <Filter>Classes\Objects\Items</Filter>
    </ClInclude>
  </ItemGroup>
</Project>